{
  "version": 4,
  "terraform_version": "1.6.6",
  "serial": 142,
  "lineage": "6c9ad292-8652-781e-0dbb-a90d6099df0c",
  "outputs": {},
  "resources": [
    {
      "mode": "managed",
      "type": "google_compute_address",
      "name": "jumpbox_static_ip",
      "provider": "provider[\"registry.terraform.io/hashicorp/google\"]",
      "instances": [
        {
          "schema_version": 0,
          "attributes": {
            "address": "34.93.31.185",
            "address_type": "EXTERNAL",
            "creation_timestamp": "2024-02-11T23:29:15.375-08:00",
            "description": "",
            "effective_labels": {},
            "id": "projects/cicd-project-412206/regions/asia-south1/addresses/jumpbox-static-ip",
            "ip_version": "",
            "ipv6_endpoint_type": "",
            "label_fingerprint": "42WmSpB8rSM=",
            "labels": {},
            "name": "jumpbox-static-ip",
            "network": "",
            "network_tier": "PREMIUM",
            "prefix_length": 0,
            "project": "cicd-project-412206",
            "purpose": "",
            "region": "asia-south1",
            "self_link": "https://www.googleapis.com/compute/v1/projects/cicd-project-412206/regions/asia-south1/addresses/jumpbox-static-ip",
            "subnetwork": "",
            "terraform_labels": {},
            "timeouts": null,
            "users": [
              "https://www.googleapis.com/compute/v1/projects/cicd-project-412206/zones/asia-south1-a/instances/gcp-infra-jumpbox"
            ]
          },
          "sensitive_attributes": [],
          "private": "eyJlMmJmYjczMC1lY2FhLTExZTYtOGY4OC0zNDM2M2JjN2M0YzAiOnsiY3JlYXRlIjoxMjAwMDAwMDAwMDAwLCJkZWxldGUiOjEyMDAwMDAwMDAwMDAsInVwZGF0ZSI6MTIwMDAwMDAwMDAwMH19"
        }
      ]
    },
    {
      "mode": "managed",
      "type": "google_compute_firewall",
      "name": "allow-http",
      "provider": "provider[\"registry.terraform.io/hashicorp/google\"]",
      "instances": [
        {
          "schema_version": 1,
          "attributes": {
            "allow": [
              {
                "ports": [
                  "80"
                ],
                "protocol": "tcp"
              }
            ],
            "creation_timestamp": "2024-02-11T23:30:10.696-08:00",
            "deny": [],
            "description": "",
            "destination_ranges": [],
            "direction": "INGRESS",
            "disabled": false,
            "enable_logging": null,
            "id": "projects/cicd-project-412206/global/firewalls/kopicloud-fw-allow-http",
            "log_config": [],
            "name": "kopicloud-fw-allow-http",
            "network": "https://www.googleapis.com/compute/v1/projects/cicd-project-412206/global/networks/gcp-infra",
            "priority": 1000,
            "project": "cicd-project-412206",
            "self_link": "https://www.googleapis.com/compute/v1/projects/cicd-project-412206/global/firewalls/kopicloud-fw-allow-http",
            "source_ranges": [
              "0.0.0.0/0"
            ],
            "source_service_accounts": [],
            "source_tags": [],
            "target_service_accounts": [],
            "target_tags": [
              "http"
            ],
            "timeouts": null
          },
          "sensitive_attributes": [],
          "private": "eyJlMmJmYjczMC1lY2FhLTExZTYtOGY4OC0zNDM2M2JjN2M0YzAiOnsiY3JlYXRlIjoxMjAwMDAwMDAwMDAwLCJkZWxldGUiOjEyMDAwMDAwMDAwMDAsInVwZGF0ZSI6MTIwMDAwMDAwMDAwMH0sInNjaGVtYV92ZXJzaW9uIjoiMSJ9",
          "dependencies": [
            "google_compute_network.vpc"
          ]
        }
      ]
    },
    {
      "mode": "managed",
      "type": "google_compute_firewall",
      "name": "allow-rdp",
      "provider": "provider[\"registry.terraform.io/hashicorp/google\"]",
      "instances": [
        {
          "schema_version": 1,
          "attributes": {
            "allow": [
              {
                "ports": [
                  "3389"
                ],
                "protocol": "tcp"
              }
            ],
            "creation_timestamp": "2024-02-11T23:30:10.224-08:00",
            "deny": [],
            "description": "",
            "destination_ranges": [],
            "direction": "INGRESS",
            "disabled": false,
            "enable_logging": null,
            "id": "projects/cicd-project-412206/global/firewalls/kopicloud-fw-allow-rdp",
            "log_config": [],
            "name": "kopicloud-fw-allow-rdp",
            "network": "https://www.googleapis.com/compute/v1/projects/cicd-project-412206/global/networks/gcp-infra",
            "priority": 1000,
            "project": "cicd-project-412206",
            "self_link": "https://www.googleapis.com/compute/v1/projects/cicd-project-412206/global/firewalls/kopicloud-fw-allow-rdp",
            "source_ranges": [
              "0.0.0.0/0"
            ],
            "source_service_accounts": [],
            "source_tags": [],
            "target_service_accounts": [],
            "target_tags": [
              "rdp"
            ],
            "timeouts": null
          },
          "sensitive_attributes": [],
          "private": "eyJlMmJmYjczMC1lY2FhLTExZTYtOGY4OC0zNDM2M2JjN2M0YzAiOnsiY3JlYXRlIjoxMjAwMDAwMDAwMDAwLCJkZWxldGUiOjEyMDAwMDAwMDAwMDAsInVwZGF0ZSI6MTIwMDAwMDAwMDAwMH0sInNjaGVtYV92ZXJzaW9uIjoiMSJ9",
          "dependencies": [
            "google_compute_network.vpc"
          ]
        }
      ]
    },
    {
      "mode": "managed",
      "type": "google_compute_firewall",
      "name": "allow-rdp-iap",
      "provider": "provider[\"registry.terraform.io/hashicorp/google\"]",
      "instances": [
        {
          "schema_version": 1,
          "attributes": {
            "allow": [
              {
                "ports": [
                  "3389"
                ],
                "protocol": "tcp"
              }
            ],
            "creation_timestamp": "2024-02-11T23:30:10.413-08:00",
            "deny": [],
            "description": "",
            "destination_ranges": [],
            "direction": "INGRESS",
            "disabled": false,
            "enable_logging": null,
            "id": "projects/cicd-project-412206/global/firewalls/allow-rdp-iap",
            "log_config": [],
            "name": "allow-rdp-iap",
            "network": "https://www.googleapis.com/compute/v1/projects/cicd-project-412206/global/networks/gcp-infra",
            "priority": 1000,
            "project": "cicd-project-412206",
            "self_link": "https://www.googleapis.com/compute/v1/projects/cicd-project-412206/global/firewalls/allow-rdp-iap",
            "source_ranges": [
              "35.235.240.0/20"
            ],
            "source_service_accounts": [],
            "source_tags": [],
            "target_service_accounts": [],
            "target_tags": [
              "rdp"
            ],
            "timeouts": null
          },
          "sensitive_attributes": [],
          "private": "eyJlMmJmYjczMC1lY2FhLTExZTYtOGY4OC0zNDM2M2JjN2M0YzAiOnsiY3JlYXRlIjoxMjAwMDAwMDAwMDAwLCJkZWxldGUiOjEyMDAwMDAwMDAwMDAsInVwZGF0ZSI6MTIwMDAwMDAwMDAwMH0sInNjaGVtYV92ZXJzaW9uIjoiMSJ9",
          "dependencies": [
            "google_compute_network.vpc"
          ]
        }
      ]
    },
    {
      "mode": "managed",
      "type": "google_compute_firewall",
      "name": "allow-ssh-new",
      "provider": "provider[\"registry.terraform.io/hashicorp/google\"]",
      "instances": [
        {
          "schema_version": 1,
          "attributes": {
            "allow": [
              {
                "ports": [
                  "22"
                ],
                "protocol": "tcp"
              }
            ],
            "creation_timestamp": "2024-02-11T23:30:10.288-08:00",
            "deny": [],
            "description": "",
            "destination_ranges": [],
            "direction": "INGRESS",
            "disabled": false,
            "enable_logging": null,
            "id": "projects/cicd-project-412206/global/firewalls/kopicloud-fw-allow-ssh-new",
            "log_config": [],
            "name": "kopicloud-fw-allow-ssh-new",
            "network": "https://www.googleapis.com/compute/v1/projects/cicd-project-412206/global/networks/gcp-infra",
            "priority": 1000,
            "project": "cicd-project-412206",
            "self_link": "https://www.googleapis.com/compute/v1/projects/cicd-project-412206/global/firewalls/kopicloud-fw-allow-ssh-new",
            "source_ranges": [
              "35.235.240.0/20"
            ],
            "source_service_accounts": [],
            "source_tags": [],
            "target_service_accounts": [],
            "target_tags": [],
            "timeouts": null
          },
          "sensitive_attributes": [],
          "private": "eyJlMmJmYjczMC1lY2FhLTExZTYtOGY4OC0zNDM2M2JjN2M0YzAiOnsiY3JlYXRlIjoxMjAwMDAwMDAwMDAwLCJkZWxldGUiOjEyMDAwMDAwMDAwMDAsInVwZGF0ZSI6MTIwMDAwMDAwMDAwMH0sInNjaGVtYV92ZXJzaW9uIjoiMSJ9",
          "dependencies": [
            "google_compute_network.vpc"
          ]
        }
      ]
    },
    {
      "mode": "managed",
      "type": "google_compute_instance",
      "name": "jumpbox",
      "provider": "provider[\"registry.terraform.io/hashicorp/google\"]",
      "instances": [
        {
          "schema_version": 6,
          "attributes": {
            "advanced_machine_features": [],
            "allow_stopping_for_update": null,
            "attached_disk": [],
            "boot_disk": [
              {
                "auto_delete": true,
                "device_name": "persistent-disk-0",
                "disk_encryption_key_raw": "",
                "disk_encryption_key_sha256": "",
                "initialize_params": [
                  {
                    "enable_confidential_compute": false,
                    "image": "https://www.googleapis.com/compute/v1/projects/windows-cloud/global/images/windows-server-2022-dc-v20240111",
                    "labels": {},
                    "provisioned_iops": 0,
                    "provisioned_throughput": 0,
                    "resource_manager_tags": {},
                    "size": 50,
                    "type": "pd-standard"
                  }
                ],
                "kms_key_self_link": "",
                "mode": "READ_WRITE",
                "source": "https://www.googleapis.com/compute/v1/projects/cicd-project-412206/zones/asia-south1-a/disks/gcp-infra-jumpbox"
              }
            ],
            "can_ip_forward": false,
            "confidential_instance_config": [],
            "cpu_platform": "Intel Cascade Lake",
            "current_status": "RUNNING",
            "deletion_protection": false,
            "description": "",
            "desired_status": null,
            "effective_labels": {},
            "enable_display": false,
            "guest_accelerator": [],
            "hostname": "",
            "id": "projects/cicd-project-412206/zones/asia-south1-a/instances/gcp-infra-jumpbox",
            "instance_id": "5548935726229649351",
            "label_fingerprint": "42WmSpB8rSM=",
            "labels": {},
            "machine_type": "n2-standard-2",
            "metadata": {},
            "metadata_fingerprint": "CDr2nq3Kaes=",
            "metadata_startup_script": null,
            "min_cpu_platform": "",
            "name": "gcp-infra-jumpbox",
            "network_interface": [
              {
                "access_config": [
                  {
                    "nat_ip": "34.93.31.185",
                    "network_tier": "PREMIUM",
                    "public_ptr_domain_name": ""
                  }
                ],
                "alias_ip_range": [],
                "internal_ipv6_prefix_length": 0,
                "ipv6_access_config": [],
                "ipv6_access_type": "",
                "ipv6_address": "",
                "name": "nic0",
                "network": "https://www.googleapis.com/compute/v1/projects/cicd-project-412206/global/networks/gcp-infra",
                "network_ip": "10.10.10.2",
                "nic_type": "",
                "queue_count": 0,
                "stack_type": "IPV4_ONLY",
                "subnetwork": "https://www.googleapis.com/compute/v1/projects/cicd-project-412206/regions/asia-south1/subnetworks/gcp-infra-public-subnet",
                "subnetwork_project": "cicd-project-412206"
              }
            ],
            "network_performance_config": [],
            "params": [],
            "project": "cicd-project-412206",
            "reservation_affinity": [],
            "resource_policies": [],
            "scheduling": [
              {
                "automatic_restart": true,
                "instance_termination_action": "",
                "local_ssd_recovery_timeout": [],
                "min_node_cpus": 0,
                "node_affinities": [],
                "on_host_maintenance": "MIGRATE",
                "preemptible": false,
                "provisioning_model": "STANDARD"
              }
            ],
            "scratch_disk": [],
            "self_link": "https://www.googleapis.com/compute/v1/projects/cicd-project-412206/zones/asia-south1-a/instances/gcp-infra-jumpbox",
            "service_account": [],
            "shielded_instance_config": [
              {
                "enable_integrity_monitoring": true,
                "enable_secure_boot": false,
                "enable_vtpm": true
              }
            ],
            "tags": [],
            "tags_fingerprint": "42WmSpB8rSM=",
            "terraform_labels": {},
            "timeouts": null,
            "zone": "asia-south1-a"
          },
          "sensitive_attributes": [],
          "private": "eyJlMmJmYjczMC1lY2FhLTExZTYtOGY4OC0zNDM2M2JjN2M0YzAiOnsiY3JlYXRlIjoxMjAwMDAwMDAwMDAwLCJkZWxldGUiOjEyMDAwMDAwMDAwMDAsInVwZGF0ZSI6MTIwMDAwMDAwMDAwMH0sInNjaGVtYV92ZXJzaW9uIjoiNiJ9",
          "dependencies": [
            "google_compute_address.jumpbox_static_ip",
            "google_compute_network.vpc",
            "google_compute_subnetwork.public_subnet"
          ]
        }
      ]
    },
    {
      "mode": "managed",
      "type": "google_compute_network",
      "name": "vpc",
      "provider": "provider[\"registry.terraform.io/hashicorp/google\"]",
      "instances": [
        {
          "schema_version": 0,
          "attributes": {
            "auto_create_subnetworks": true,
            "delete_default_routes_on_create": false,
            "description": "",
            "enable_ula_internal_ipv6": false,
            "gateway_ipv4": "",
            "id": "projects/cicd-project-412206/global/networks/gcp-infra",
            "internal_ipv6_range": "",
            "mtu": 0,
            "name": "gcp-infra",
            "network_firewall_policy_enforcement_order": "AFTER_CLASSIC_FIREWALL",
            "numeric_id": "8849507549337384484",
            "project": "cicd-project-412206",
            "routing_mode": "REGIONAL",
            "self_link": "https://www.googleapis.com/compute/v1/projects/cicd-project-412206/global/networks/gcp-infra",
            "timeouts": null
          },
          "sensitive_attributes": [],
          "private": "eyJlMmJmYjczMC1lY2FhLTExZTYtOGY4OC0zNDM2M2JjN2M0YzAiOnsiY3JlYXRlIjoxMjAwMDAwMDAwMDAwLCJkZWxldGUiOjEyMDAwMDAwMDAwMDAsInVwZGF0ZSI6MTIwMDAwMDAwMDAwMH19"
        }
      ]
    },
    {
      "mode": "managed",
      "type": "google_compute_subnetwork",
      "name": "private_subnet",
      "provider": "provider[\"registry.terraform.io/hashicorp/google\"]",
      "instances": [
        {
          "schema_version": 0,
          "attributes": {
            "creation_timestamp": "2024-02-11T23:30:13.978-08:00",
            "description": "",
            "external_ipv6_prefix": "",
            "fingerprint": null,
            "gateway_address": "10.10.20.1",
            "id": "projects/cicd-project-412206/regions/asia-south1/subnetworks/gcp-infra-private-subnet",
            "internal_ipv6_prefix": "",
            "ip_cidr_range": "10.10.20.0/24",
            "ipv6_access_type": "",
            "ipv6_cidr_range": "",
            "log_config": [],
            "name": "gcp-infra-private-subnet",
            "network": "https://www.googleapis.com/compute/v1/projects/cicd-project-412206/global/networks/gcp-infra",
            "private_ip_google_access": true,
            "private_ipv6_google_access": "DISABLE_GOOGLE_ACCESS",
            "project": "cicd-project-412206",
            "purpose": "PRIVATE",
            "region": "asia-south1",
            "role": "",
            "secondary_ip_range": [
              {
                "ip_cidr_range": "10.92.0.0/20",
                "range_name": "gke-gcp-infra-gke-cluster-services-5e5a88a8"
              },
              {
                "ip_cidr_range": "10.88.0.0/14",
                "range_name": "gke-gcp-infra-gke-cluster-pods-5e5a88a8"
              }
            ],
            "self_link": "https://www.googleapis.com/compute/v1/projects/cicd-project-412206/regions/asia-south1/subnetworks/gcp-infra-private-subnet",
            "stack_type": "IPV4_ONLY",
            "timeouts": null
          },
          "sensitive_attributes": [],
          "private": "eyJlMmJmYjczMC1lY2FhLTExZTYtOGY4OC0zNDM2M2JjN2M0YzAiOnsiY3JlYXRlIjoxMjAwMDAwMDAwMDAwLCJkZWxldGUiOjEyMDAwMDAwMDAwMDAsInVwZGF0ZSI6MTIwMDAwMDAwMDAwMH19",
          "dependencies": [
            "google_compute_network.vpc"
          ]
        }
      ]
    },
    {
      "mode": "managed",
      "type": "google_compute_subnetwork",
      "name": "public_subnet",
      "provider": "provider[\"registry.terraform.io/hashicorp/google\"]",
      "instances": [
        {
          "schema_version": 0,
          "attributes": {
            "creation_timestamp": "2024-02-11T23:30:14.086-08:00",
            "description": "",
            "external_ipv6_prefix": "",
            "fingerprint": null,
            "gateway_address": "10.10.10.1",
            "id": "projects/cicd-project-412206/regions/asia-south1/subnetworks/gcp-infra-public-subnet",
            "internal_ipv6_prefix": "",
            "ip_cidr_range": "10.10.10.0/24",
            "ipv6_access_type": "",
            "ipv6_cidr_range": "",
            "log_config": [],
            "name": "gcp-infra-public-subnet",
            "network": "https://www.googleapis.com/compute/v1/projects/cicd-project-412206/global/networks/gcp-infra",
            "private_ip_google_access": false,
            "private_ipv6_google_access": "DISABLE_GOOGLE_ACCESS",
            "project": "cicd-project-412206",
            "purpose": "PRIVATE",
            "region": "asia-south1",
            "role": "",
            "secondary_ip_range": [],
            "self_link": "https://www.googleapis.com/compute/v1/projects/cicd-project-412206/regions/asia-south1/subnetworks/gcp-infra-public-subnet",
            "stack_type": "IPV4_ONLY",
            "timeouts": null
          },
          "sensitive_attributes": [],
          "private": "eyJlMmJmYjczMC1lY2FhLTExZTYtOGY4OC0zNDM2M2JjN2M0YzAiOnsiY3JlYXRlIjoxMjAwMDAwMDAwMDAwLCJkZWxldGUiOjEyMDAwMDAwMDAwMDAsInVwZGF0ZSI6MTIwMDAwMDAwMDAwMH19",
          "dependencies": [
            "google_compute_network.vpc"
          ]
        }
      ]
    },
    {
      "mode": "managed",
      "type": "google_container_cluster",
      "name": "gke_cluster",
      "provider": "provider[\"registry.terraform.io/hashicorp/google\"]",
      "instances": [
        {
          "schema_version": 2,
          "attributes": {
            "addons_config": [
              {
                "cloudrun_config": [],
                "config_connector_config": [],
                "dns_cache_config": [],
                "gce_persistent_disk_csi_driver_config": [
                  {
                    "enabled": true
                  }
                ],
                "gcp_filestore_csi_driver_config": [],
                "gcs_fuse_csi_driver_config": [],
                "gke_backup_agent_config": [],
                "horizontal_pod_autoscaling": [],
                "http_load_balancing": [],
                "network_policy_config": [
                  {
                    "disabled": true
                  }
                ]
              }
            ],
            "allow_net_admin": null,
            "authenticator_groups_config": [],
            "binary_authorization": [
              {
                "enabled": false,
                "evaluation_mode": ""
              }
            ],
            "cluster_autoscaling": [
              {
                "auto_provisioning_defaults": [],
                "autoscaling_profile": "BALANCED",
                "enabled": false,
                "resource_limits": []
              }
            ],
            "cluster_ipv4_cidr": "10.88.0.0/14",
            "confidential_nodes": [],
            "cost_management_config": [],
            "database_encryption": [
              {
                "key_name": "",
                "state": "DECRYPTED"
              }
            ],
            "datapath_provider": "",
            "default_max_pods_per_node": 110,
            "default_snat_status": [
              {
                "disabled": false
              }
            ],
            "deletion_protection": false,
            "description": "",
            "dns_config": [],
            "enable_autopilot": false,
            "enable_intranode_visibility": false,
            "enable_k8s_beta_apis": [],
            "enable_kubernetes_alpha": false,
            "enable_l4_ilb_subsetting": false,
            "enable_legacy_abac": false,
            "enable_shielded_nodes": true,
            "enable_tpu": false,
            "endpoint": "192.168.0.2",
            "fleet": [],
            "gateway_api_config": [],
            "id": "projects/cicd-project-412206/locations/asia-south1/clusters/gcp-infra-gke-cluster",
            "identity_service_config": [],
            "initial_node_count": 0,
            "ip_allocation_policy": [
              {
                "additional_pod_ranges_config": [],
                "cluster_ipv4_cidr_block": "10.88.0.0/14",
                "cluster_secondary_range_name": "gke-gcp-infra-gke-cluster-pods-5e5a88a8",
                "pod_cidr_overprovision_config": [
                  {
                    "disabled": false
                  }
                ],
                "services_ipv4_cidr_block": "10.92.0.0/20",
                "services_secondary_range_name": "gke-gcp-infra-gke-cluster-services-5e5a88a8",
                "stack_type": "IPV4"
              }
            ],
            "label_fingerprint": "a9dc16a7",
            "location": "asia-south1",
            "logging_config": [
              {
                "enable_components": [
                  "SYSTEM_COMPONENTS",
                  "WORKLOADS"
                ]
              }
            ],
            "logging_service": "logging.googleapis.com/kubernetes",
            "maintenance_policy": [],
            "master_auth": [
              {
                "client_certificate": "",
                "client_certificate_config": [
                  {
                    "issue_client_certificate": false
                  }
                ],
                "client_key": "",
                "cluster_ca_certificate": "LS0tLS1CRUdJTiBDRVJUSUZJQ0FURS0tLS0tCk1JSUVMVENDQXBXZ0F3SUJBZ0lSQU5qMkJESmJUVW94S3YyNFZmbW0rYVV3RFFZSktvWklodmNOQVFFTEJRQXcKTHpFdE1Dc0dBMVVFQXhNa1lqSTBZalUwTUdVdE1ESXdPUzAwTVdRNUxUa3pNRE10WXpVd09XVTFOR1F5WVdGbQpNQ0FYRFRJME1ESXhNakEyTXpBME9Gb1lEekl3TlRRd01qQTBNRGN6TURRNFdqQXZNUzB3S3dZRFZRUURFeVJpCk1qUmlOVFF3WlMwd01qQTVMVFF4WkRrdE9UTXdNeTFqTlRBNVpUVTBaREpoWVdZd2dnR2lNQTBHQ1NxR1NJYjMKRFFFQkFRVUFBNElCandBd2dnR0tBb0lCZ1FEYk1IV2lRSjRmL3FnQkJIbFZQU0l6QTBycCtjSVNra0xYaWNUZApjb3lodU9wODRCZC9mYVdlendaRTVoS01XRlJPQzRjM2lBVjZNWnM1a0hhMlhUMjhjNjcwc1NQdTFqVUhTbjhqCmk3Rzk4eVV4YW51ZDl3K0RydWVaSGl2T0Qwb2tSKy9KdVpBMjYyRU1IY244eEl5OVIzdHFZNC93TmJUazI2TW0KYjJRSFl2MSttT1dFRldNWVVOTmtPWCtNSHM0SUYyVy9ncy9wRnVabjlNMkZlek1ma2lpUDJqTHRJMmpJM0tyKwpJL3lnbmZVaDJsRXAzYVoweThVTklqcTZSejR0WFJwUVROalByMW9nOE5EM21uejMzQk85WE5YTHdGeXc0ZUM3CmcyWUVPSDZpUFVObXgrWGJQUXZxU21qQUdCQ3lsbDdvS2psRkt2b3JZWWdhTDNkRUhZeFVxQnBUbk9palhoRzcKZUNGYkIrdCsrTnZpRm9BeUtHUEhMQjVtb0hhdzUxeTNINFpmK2d4bjVHZk8xTDJ5dmp0RnVHZmhBS3c3L1JqbgorT0w0c0Y4dFJMYm12aWhkczZFVzVhd2kwYWFkNGpsZW45aThpaHJqSlB5dCtHbUI3QmdXeWN3Vk0yRkg2eVpWCjRLMlV0aVcxZzhzYkpBeEFWbGljd2xua0s5VUNBd0VBQWFOQ01FQXdEZ1lEVlIwUEFRSC9CQVFEQWdJRU1BOEcKQTFVZEV3RUIvd1FGTUFNQkFmOHdIUVlEVlIwT0JCWUVGSzRGRzBpWktLemhhblVEWkZLSm5oQnRyR3BGTUEwRwpDU3FHU0liM0RRRUJDd1VBQTRJQmdRQno1R0V1VDJwZDJCZDhiTGI5MTk2MTZDdEw2bGpnbCtvTk9kQTFuVE9JCi9EUmFxM1ZoS1BJVXFRbWNBQ0h1ZG9WajJSWklpdGhMQ0hhMlFiL3crdWYvVFB1c1dtQzRsTmV6NVU0c3htSUoKeW1BNStqenIvc2ZkZFBJeGFRNXp4d1FoaUU3QVpsdlA0ck5JZUpCenFSSG5hQTgyTVY0cmFhUlppY0FrdHhjYwpOSS9EaVJwZTdhZjRkZlE4aVhFZUFqVXhSY0JuMGxkT2tvMERLZHVuZ1E5eWVXTU81cnU0Vmp6NzQ3NTFwSW00ClNTYk5jYkZXbU1XUUp6WXNtM0tGWWxXc1ZSVEFNRHo1WTJXeGhpNGg3ZE56UkVGQ3hyTmxOKzl6OE1CWHUzZHAKZHJLRkJlZ0NBL0Y2anMyY0lzMjFDY3Z4RXI4MHh0cWhDc0ttMm0yTnJvL1hEOFBiYUx4ZExvQVRUdlBLVnZyQQpxN3FBanFqVGFGaThNMHZlQ3l3NUxIYXNpZVVmWiszOWRERW9SM1QwL1lrNnBuNjZWenNOb0FXaFAybERVN2dNCllHRlQvZTd3OVVBbW44OU4rUVZGS2picFVTUGZraUJQOUJNQUp4NVJxT3diKzRRMFd0VWVaVlJ3SnFFcUNNcXAKUi9LRXd6YnJsVnZHSHRkbEVLSTZrT3M9Ci0tLS0tRU5EIENFUlRJRklDQVRFLS0tLS0K"
              }
            ],
            "master_authorized_networks_config": [
              {
                "cidr_blocks": [
                  {
                    "cidr_block": "10.0.0.0/8",
                    "display_name": ""
                  }
                ],
                "gcp_public_cidrs_access_enabled": false
              }
            ],
            "master_version": "1.27.8-gke.1067004",
            "mesh_certificates": [],
            "min_master_version": null,
            "monitoring_config": [
              {
                "advanced_datapath_observability_config": [
                  {
                    "enable_metrics": false,
                    "relay_mode": ""
                  }
                ],
                "enable_components": [
                  "SYSTEM_COMPONENTS"
                ],
                "managed_prometheus": [
                  {
                    "enabled": true
                  }
                ]
              }
            ],
            "monitoring_service": "monitoring.googleapis.com/kubernetes",
            "name": "gcp-infra-gke-cluster",
            "network": "projects/cicd-project-412206/global/networks/gcp-infra",
            "network_policy": [
              {
                "enabled": false,
                "provider": "PROVIDER_UNSPECIFIED"
              }
            ],
            "networking_mode": "VPC_NATIVE",
            "node_config": [
              {
                "advanced_machine_features": [],
                "boot_disk_kms_key": "",
                "confidential_nodes": [],
                "disk_size_gb": 50,
                "disk_type": "pd-ssd",
                "effective_taints": [],
                "ephemeral_storage_local_ssd_config": [],
                "fast_socket": [],
                "gcfs_config": [],
                "guest_accelerator": [],
                "gvnic": [],
                "host_maintenance_policy": [],
                "image_type": "COS_CONTAINERD",
                "kubelet_config": [],
                "labels": {},
                "linux_node_config": [],
                "local_nvme_ssd_block_config": [],
                "local_ssd_count": 0,
                "logging_variant": "DEFAULT",
                "machine_type": "e2-standard-2",
                "metadata": {
                  "disable-legacy-endpoints": "true"
                },
                "min_cpu_platform": "",
                "node_group": "",
                "oauth_scopes": [
                  "https://www.googleapis.com/auth/devstorage.read_only",
                  "https://www.googleapis.com/auth/logging.write",
                  "https://www.googleapis.com/auth/monitoring",
                  "https://www.googleapis.com/auth/service.management.readonly",
                  "https://www.googleapis.com/auth/servicecontrol",
                  "https://www.googleapis.com/auth/trace.append"
                ],
                "preemptible": false,
                "reservation_affinity": [],
                "resource_labels": {},
                "service_account": "default",
                "shielded_instance_config": [
                  {
                    "enable_integrity_monitoring": true,
                    "enable_secure_boot": false
                  }
                ],
                "sole_tenant_config": [],
                "spot": false,
                "tags": [],
                "taint": [],
                "workload_metadata_config": []
              }
            ],
            "node_locations": [
              "asia-south1-a",
              "asia-south1-b",
              "asia-south1-c"
            ],
            "node_pool": [
              {
                "autoscaling": [],
                "initial_node_count": 1,
                "instance_group_urls": [
                  "https://www.googleapis.com/compute/v1/projects/cicd-project-412206/zones/asia-south1-c/instanceGroupManagers/gke-gcp-infra-gke-cl-default-node-poo-4d58ee70-grp",
                  "https://www.googleapis.com/compute/v1/projects/cicd-project-412206/zones/asia-south1-a/instanceGroupManagers/gke-gcp-infra-gke-cl-default-node-poo-47c5aa7c-grp",
                  "https://www.googleapis.com/compute/v1/projects/cicd-project-412206/zones/asia-south1-b/instanceGroupManagers/gke-gcp-infra-gke-cl-default-node-poo-710065ca-grp"
                ],
                "managed_instance_group_urls": [
                  "https://www.googleapis.com/compute/v1/projects/cicd-project-412206/zones/asia-south1-c/instanceGroups/gke-gcp-infra-gke-cl-default-node-poo-4d58ee70-grp",
                  "https://www.googleapis.com/compute/v1/projects/cicd-project-412206/zones/asia-south1-a/instanceGroups/gke-gcp-infra-gke-cl-default-node-poo-47c5aa7c-grp",
                  "https://www.googleapis.com/compute/v1/projects/cicd-project-412206/zones/asia-south1-b/instanceGroups/gke-gcp-infra-gke-cl-default-node-poo-710065ca-grp"
                ],
                "management": [
                  {
                    "auto_repair": true,
                    "auto_upgrade": true
                  }
                ],
                "max_pods_per_node": 110,
                "name": "default-node-pool",
                "name_prefix": "",
                "network_config": [
                  {
                    "create_pod_range": false,
                    "enable_private_nodes": false,
                    "network_performance_config": [],
                    "pod_cidr_overprovision_config": [],
                    "pod_ipv4_cidr_block": "10.88.0.0/14",
                    "pod_range": "gke-gcp-infra-gke-cluster-pods-5e5a88a8"
                  }
                ],
                "node_config": [
                  {
                    "advanced_machine_features": [],
                    "boot_disk_kms_key": "",
                    "confidential_nodes": [],
                    "disk_size_gb": 50,
                    "disk_type": "pd-ssd",
                    "effective_taints": [],
                    "ephemeral_storage_local_ssd_config": [],
                    "fast_socket": [],
                    "gcfs_config": [],
                    "guest_accelerator": [],
                    "gvnic": [],
                    "host_maintenance_policy": [],
                    "image_type": "COS_CONTAINERD",
                    "kubelet_config": [],
                    "labels": {},
                    "linux_node_config": [],
                    "local_nvme_ssd_block_config": [],
                    "local_ssd_count": 0,
                    "logging_variant": "DEFAULT",
                    "machine_type": "e2-standard-2",
                    "metadata": {
                      "disable-legacy-endpoints": "true"
                    },
                    "min_cpu_platform": "",
                    "node_group": "",
                    "oauth_scopes": [
                      "https://www.googleapis.com/auth/devstorage.read_only",
                      "https://www.googleapis.com/auth/logging.write",
                      "https://www.googleapis.com/auth/monitoring",
                      "https://www.googleapis.com/auth/service.management.readonly",
                      "https://www.googleapis.com/auth/servicecontrol",
                      "https://www.googleapis.com/auth/trace.append"
                    ],
                    "preemptible": false,
                    "reservation_affinity": [],
                    "resource_labels": {},
                    "service_account": "default",
                    "shielded_instance_config": [
                      {
                        "enable_integrity_monitoring": true,
                        "enable_secure_boot": false
                      }
                    ],
                    "sole_tenant_config": [],
                    "spot": false,
                    "tags": [],
                    "taint": [],
                    "workload_metadata_config": []
                  }
                ],
                "node_count": 1,
                "node_locations": [
                  "asia-south1-a",
                  "asia-south1-b",
                  "asia-south1-c"
                ],
                "placement_policy": [],
                "upgrade_settings": [
                  {
                    "blue_green_settings": [],
                    "max_surge": 1,
                    "max_unavailable": 0,
                    "strategy": "SURGE"
                  }
                ],
                "version": "1.27.8-gke.1067004"
              }
            ],
            "node_pool_auto_config": [],
            "node_pool_defaults": [
              {
                "node_config_defaults": [
                  {
                    "logging_variant": "DEFAULT"
                  }
                ]
              }
            ],
            "node_version": "1.27.8-gke.1067004",
            "notification_config": [
              {
                "pubsub": [
                  {
                    "enabled": false,
                    "filter": [],
                    "topic": ""
                  }
                ]
              }
            ],
            "operation": null,
            "private_cluster_config": [
              {
                "enable_private_endpoint": true,
                "enable_private_nodes": true,
                "master_global_access_config": [
                  {
                    "enabled": false
                  }
                ],
                "master_ipv4_cidr_block": "192.168.0.0/28",
                "peering_name": "gke-ne83619ab56dff0a6176-0afe-ea6b-peer",
                "private_endpoint": "192.168.0.2",
                "private_endpoint_subnetwork": "",
                "public_endpoint": "34.100.235.95"
              }
            ],
            "private_ipv6_google_access": "",
            "project": "cicd-project-412206",
            "release_channel": [
              {
                "channel": "REGULAR"
              }
            ],
            "remove_default_node_pool": null,
            "resource_labels": {},
            "resource_usage_export_config": [],
            "security_posture_config": [
              {
                "mode": "BASIC",
                "vulnerability_mode": "VULNERABILITY_MODE_UNSPECIFIED"
              }
            ],
            "self_link": "https://container.googleapis.com/v1/projects/cicd-project-412206/locations/asia-south1/clusters/gcp-infra-gke-cluster",
            "service_external_ips_config": [
              {
                "enabled": false
              }
            ],
            "services_ipv4_cidr": "10.92.0.0/20",
            "subnetwork": "projects/cicd-project-412206/regions/asia-south1/subnetworks/gcp-infra-private-subnet",
            "timeouts": null,
            "tpu_ipv4_cidr_block": "",
            "vertical_pod_autoscaling": [],
            "workload_identity_config": []
          },
          "sensitive_attributes": [],
          "private": "eyJlMmJmYjczMC1lY2FhLTExZTYtOGY4OC0zNDM2M2JjN2M0YzAiOnsiY3JlYXRlIjoyNDAwMDAwMDAwMDAwLCJkZWxldGUiOjI0MDAwMDAwMDAwMDAsInJlYWQiOjI0MDAwMDAwMDAwMDAsInVwZGF0ZSI6MzYwMDAwMDAwMDAwMH0sInNjaGVtYV92ZXJzaW9uIjoiMiJ9",
          "dependencies": [
            "google_compute_network.vpc",
            "google_compute_subnetwork.private_subnet"
          ]
        }
      ]
    },
    {
      "mode": "managed",
      "type": "google_project_iam_member",
      "name": "project",
      "provider": "provider[\"registry.terraform.io/hashicorp/google\"]",
      "instances": [
        {
          "schema_version": 0,
          "attributes": {
            "condition": [],
            "etag": "BwYRKsP77hY=",
            "id": "cicd-project-412206/roles/iap.tunnelResourceAccessor/serviceAccount:ci-cd-615@cicd-project-412206.iam.gserviceaccount.com",
            "member": "serviceAccount:ci-cd-615@cicd-project-412206.iam.gserviceaccount.com",
            "project": "cicd-project-412206",
            "role": "roles/iap.tunnelResourceAccessor"
          },
          "sensitive_attributes": [],
          "private": "bnVsbA=="
        }
      ]
    },
    {
      "mode": "managed",
      "type": "google_project_service",
      "name": "service_networking",
      "provider": "provider[\"registry.terraform.io/hashicorp/google\"]",
      "instances": [
        {
          "schema_version": 0,
          "attributes": {
            "disable_dependent_services": null,
            "disable_on_destroy": true,
            "id": "cicd-project-412206/servicenetworking.googleapis.com",
            "project": "cicd-project-412206",
            "service": "servicenetworking.googleapis.com",
            "timeouts": null
          },
          "sensitive_attributes": [],
          "private": "eyJlMmJmYjczMC1lY2FhLTExZTYtOGY4OC0zNDM2M2JjN2M0YzAiOnsiY3JlYXRlIjoxMjAwMDAwMDAwMDAwLCJkZWxldGUiOjEyMDAwMDAwMDAwMDAsInJlYWQiOjYwMDAwMDAwMDAwMCwidXBkYXRlIjoxMjAwMDAwMDAwMDAwfX0="
        }
      ]
    },
    {
      "mode": "managed",
      "type": "google_sql_database_instance",
      "name": "db",
      "provider": "provider[\"registry.terraform.io/hashicorp/google\"]",
      "instances": [
        {
          "schema_version": 0,
          "attributes": {
            "available_maintenance_versions": [],
            "clone": [],
            "connection_name": "cicd-project-412206:asia-south1:gcp-infra-db",
            "database_version": "POSTGRES_14",
            "deletion_protection": false,
            "dns_name": "",
            "encryption_key_name": null,
            "first_ip_address": "34.93.72.64",
            "id": "gcp-infra-db",
            "instance_type": "CLOUD_SQL_INSTANCE",
            "ip_address": [
              {
                "ip_address": "34.93.72.64",
                "time_to_retire": "",
                "type": "PRIMARY"
              },
              {
                "ip_address": "34.100.178.56",
                "time_to_retire": "",
                "type": "OUTGOING"
              }
            ],
            "maintenance_version": "POSTGRES_14_9.R20230830.01_07",
            "master_instance_name": "",
            "name": "gcp-infra-db",
            "private_ip_address": "",
            "project": "cicd-project-412206",
            "psc_service_attachment_link": "",
            "public_ip_address": "34.93.72.64",
            "region": "asia-south1",
            "replica_configuration": [],
            "restore_backup_context": [],
            "root_password": null,
            "self_link": "https://sqladmin.googleapis.com/sql/v1beta4/projects/cicd-project-412206/instances/gcp-infra-db",
            "server_ca_cert": [
              {
                "cert": "-----BEGIN CERTIFICATE-----\nMIIDfzCCAmegAwIBAgIBADANBgkqhkiG9w0BAQsFADB3MS0wKwYDVQQuEyRlNzQ5\nM2Y0Ny1lZDc1LTRlNmQtYjQ4Yy1jY2E3OWY0YzVlMmYxIzAhBgNVBAMTGkdvb2ds\nZSBDbG91ZCBTUUwgU2VydmVyIENBMRQwEgYDVQQKEwtHb29nbGUsIEluYzELMAkG\nA1UEBhMCVVMwHhcNMjQwMjEyMDgzMjMyWhcNMzQwMjA5MDgzMzMyWjB3MS0wKwYD\nVQQuEyRlNzQ5M2Y0Ny1lZDc1LTRlNmQtYjQ4Yy1jY2E3OWY0YzVlMmYxIzAhBgNV\nBAMTGkdvb2dsZSBDbG91ZCBTUUwgU2VydmVyIENBMRQwEgYDVQQKEwtHb29nbGUs\nIEluYzELMAkGA1UEBhMCVVMwggEiMA0GCSqGSIb3DQEBAQUAA4IBDwAwggEKAoIB\nAQCAdJqSskQLVAnwVpXRpP9OrJIMNcO3fqELLeAuTujJ9u3lMV3Oq0+XJ/RCVYJE\nrw9MaaYlzO6XLamUJ6dPbTJICwIy4AdfcJ9v9S4UvH4yA8Q9xvBJLzoDf1a3uvcA\nyUL/pHjuQY+VmMV8sHiREoLycOxRZb/OZ7/wJCtDhMfGeVyPzzuHT40H19ay+RhF\n8wIWwzhuJX9cVX4mbKqy04a5j2l689YumaSoZz8vhgE9h0VgQuF5OoRWqpF5x1FD\nEngS4OkgQa/a/MUN48SRVUSjZW7rsXUHH2KuGTFb0n8lJe29QzdKuJvWOvph8DJo\nQbvb9Smvwlnc81eD5fI1oDipAgMBAAGjFjAUMBIGA1UdEwEB/wQIMAYBAf8CAQAw\nDQYJKoZIhvcNAQELBQADggEBAGjr83LmL0vJufd+YN1lvMdH+BV2+K+zBL5vuxJY\ng8hFBWQm+X7nKTMIuZ/HFqDo5hTMqJgL4BO3y5rb29YKPwmbAB+Cws46CBeYTs0x\n6W1p9IhiaB8xKE7X+Dlb9hV/5fuKVoADagrMVK63TI3atv7nyTFAfzPCaCSDpk4e\nPztGqxsgBirIxI7EG4wbBkz+6YnejuW5SkVAHtof12dvSWR1oez0CLB7eTl9wK/b\nb15eIpSnROUFKhAypEQuCgr/R1yycKwy3buucG4/Ho8c+Kg+Pbjx55JbwLadIoDu\nQyfb/6+n/hn3CS8Ts2/PopZSsEV7H9P5BP6QPfzA+HPSE1c=\n-----END CERTIFICATE-----",
                "common_name": "C=US,O=Google\\, Inc,CN=Google Cloud SQL Server CA,dnQualifier=e7493f47-ed75-4e6d-b48c-cca79f4c5e2f",
                "create_time": "2024-02-12T08:32:32.449Z",
                "expiration_time": "2034-02-09T08:33:32.449Z",
                "sha1_fingerprint": "a9fb77db42290810579fdda38050d1a69c2f2b37"
              }
            ],
            "service_account_email_address": "p475786207687-lsg8qz@gcp-sa-cloud-sql.iam.gserviceaccount.com",
            "settings": [
              {
                "activation_policy": "ALWAYS",
                "active_directory_config": [],
                "advanced_machine_features": [],
                "availability_type": "ZONAL",
                "backup_configuration": [
                  {
                    "backup_retention_settings": [
                      {
                        "retained_backups": 7,
                        "retention_unit": "COUNT"
                      }
                    ],
                    "binary_log_enabled": false,
                    "enabled": false,
                    "location": "",
                    "point_in_time_recovery_enabled": false,
                    "start_time": "00:00",
                    "transaction_log_retention_days": 7
                  }
                ],
                "collation": "",
                "connector_enforcement": "NOT_REQUIRED",
                "data_cache_config": [],
                "database_flags": [],
                "deletion_protection_enabled": false,
                "deny_maintenance_period": [],
                "disk_autoresize": true,
                "disk_autoresize_limit": 0,
                "disk_size": 10,
                "disk_type": "PD_SSD",
                "edition": "ENTERPRISE",
                "insights_config": [],
                "ip_configuration": [
                  {
                    "allocated_ip_range": "",
                    "authorized_networks": [],
                    "enable_private_path_for_google_cloud_services": false,
                    "ipv4_enabled": true,
                    "private_network": "",
                    "psc_config": [],
                    "require_ssl": false,
                    "ssl_mode": ""
                  }
                ],
                "location_preference": [
                  {
                    "follow_gae_application": "",
                    "secondary_zone": "",
                    "zone": "asia-south1-b"
                  }
                ],
                "maintenance_window": [],
                "password_validation_policy": [],
                "pricing_plan": "PER_USE",
                "sql_server_audit_config": [],
                "tier": "db-f1-micro",
                "time_zone": "",
                "user_labels": {},
                "version": 1
              }
            ],
            "timeouts": null
          },
          "sensitive_attributes": [],
          "private": "eyJlMmJmYjczMC1lY2FhLTExZTYtOGY4OC0zNDM2M2JjN2M0YzAiOnsiY3JlYXRlIjoyNDAwMDAwMDAwMDAwLCJkZWxldGUiOjE4MDAwMDAwMDAwMDAsInVwZGF0ZSI6MTgwMDAwMDAwMDAwMH19"
        }
      ]
    }
  ],
  "check_results": null
}
